// !$*UTF8*$!
{
	archiveVersion = 1;
	classes = {
	};
	objectVersion = 50;
	objects = {

/* Begin PBXBuildFile section */
		B913601E21736DBD00B31BB8 /* ThemesViewController.m in Sources */ = {isa = PBXBuildFile; fileRef = DE5D33FF2173314C00B1DC43 /* ThemesViewController.m */; };
		B91BA099217361F2002A90EF /* AppThemeManager.swift in Sources */ = {isa = PBXBuildFile; fileRef = B91BA098217361F2002A90EF /* AppThemeManager.swift */; };
		B93EBC5F21734A3900A86229 /* ThemeProvider.swift in Sources */ = {isa = PBXBuildFile; fileRef = B93EBC5E21734A3900A86229 /* ThemeProvider.swift */; };
		B93EBC6221734C1B00A86229 /* Themes.m in Sources */ = {isa = PBXBuildFile; fileRef = B93EBC6121734C1B00A86229 /* Themes.m */; };
		DE0AFE0E217CE7720061987D /* UserInfoModel.swift in Sources */ = {isa = PBXBuildFile; fileRef = DE0AFE0D217CE7720061987D /* UserInfoModel.swift */; };
		DE14648B216108ED00344D4D /* Constants.swift in Sources */ = {isa = PBXBuildFile; fileRef = DE14648A216108ED00344D4D /* Constants.swift */; };
		DE3B87702157ADE300D9DA8D /* AppDelegate.swift in Sources */ = {isa = PBXBuildFile; fileRef = DE3B876F2157ADE300D9DA8D /* AppDelegate.swift */; };
		DE3B87722157ADE300D9DA8D /* ProfileController.swift in Sources */ = {isa = PBXBuildFile; fileRef = DE3B87712157ADE300D9DA8D /* ProfileController.swift */; };
		DE3B87752157ADE300D9DA8D /* Main.storyboard in Resources */ = {isa = PBXBuildFile; fileRef = DE3B87732157ADE300D9DA8D /* Main.storyboard */; };
		DE3B87772157ADE400D9DA8D /* Assets.xcassets in Resources */ = {isa = PBXBuildFile; fileRef = DE3B87762157ADE400D9DA8D /* Assets.xcassets */; };
		DE3B877A2157ADE400D9DA8D /* LaunchScreen.storyboard in Resources */ = {isa = PBXBuildFile; fileRef = DE3B87782157ADE400D9DA8D /* LaunchScreen.storyboard */; };
		DE6D3CCF217DDFBF006AC274 /* AsyncWorker.swift in Sources */ = {isa = PBXBuildFile; fileRef = DE6D3CCE217DDFBF006AC274 /* AsyncWorker.swift */; };
		DE6D3CD2217DE158006AC274 /* GCDWorker.swift in Sources */ = {isa = PBXBuildFile; fileRef = DE6D3CD1217DE158006AC274 /* GCDWorker.swift */; };
		DE6D3CD5217DE193006AC274 /* ProfileControllerViewModelOutput.swift in Sources */ = {isa = PBXBuildFile; fileRef = DE6D3CD4217DE193006AC274 /* ProfileControllerViewModelOutput.swift */; };
		DE6D3CD7217DE19D006AC274 /* ProfileControllerViewModel.swift in Sources */ = {isa = PBXBuildFile; fileRef = DE6D3CD6217DE19D006AC274 /* ProfileControllerViewModel.swift */; };
		DE6D3CD9217DE1AB006AC274 /* ProfileControllerViewModelImp.swift in Sources */ = {isa = PBXBuildFile; fileRef = DE6D3CD8217DE1AB006AC274 /* ProfileControllerViewModelImp.swift */; };
		DE9A60C7217E1802000D0BFE /* UIImage+Init.swift in Sources */ = {isa = PBXBuildFile; fileRef = DE9A60C6217E1802000D0BFE /* UIImage+Init.swift */; };
		DE9A60C9217E1A0A000D0BFE /* OperationWorker.swift in Sources */ = {isa = PBXBuildFile; fileRef = DE9A60C8217E1A0A000D0BFE /* OperationWorker.swift */; };
		DE9A60CC217E1C7D000D0BFE /* AsyncOperation.swift in Sources */ = {isa = PBXBuildFile; fileRef = DE9A60CB217E1C7D000D0BFE /* AsyncOperation.swift */; };
		DE9F43B9216A019500B224D4 /* ConversationsListViewController.swift in Sources */ = {isa = PBXBuildFile; fileRef = DE9F43B8216A019500B224D4 /* ConversationsListViewController.swift */; };
		DEBD65F9216A6A7D00019ACD /* ConversationModel.swift in Sources */ = {isa = PBXBuildFile; fileRef = DEBD65F8216A6A7D00019ACD /* ConversationModel.swift */; };
		DEBD65FB216A6A8D00019ACD /* ConversationCell.swift in Sources */ = {isa = PBXBuildFile; fileRef = DEBD65FA216A6A8D00019ACD /* ConversationCell.swift */; };
		DEBD65FD216A6A9F00019ACD /* ConversationCellViewModel.swift in Sources */ = {isa = PBXBuildFile; fileRef = DEBD65FC216A6A9F00019ACD /* ConversationCellViewModel.swift */; };
		DEBD65FF216A6AA500019ACD /* ConversationCellViewModelImp.swift in Sources */ = {isa = PBXBuildFile; fileRef = DEBD65FE216A6AA500019ACD /* ConversationCellViewModelImp.swift */; };
		DEBD6602216A737300019ACD /* ConversationListProvider.swift in Sources */ = {isa = PBXBuildFile; fileRef = DEBD6601216A737300019ACD /* ConversationListProvider.swift */; };
		DEBD6606216A77D300019ACD /* ConversationViewController.swift in Sources */ = {isa = PBXBuildFile; fileRef = DEBD6605216A77D300019ACD /* ConversationViewController.swift */; };
		DEBD6609216A7B6400019ACD /* MessageCell.swift in Sources */ = {isa = PBXBuildFile; fileRef = DEBD6608216A7B6400019ACD /* MessageCell.swift */; };
		DEBD660B216A83DE00019ACD /* DialogMessageProvider.swift in Sources */ = {isa = PBXBuildFile; fileRef = DEBD660A216A83DE00019ACD /* DialogMessageProvider.swift */; };
		DEBD93BD215FA55400671ABB /* UIColor+Init.swift in Sources */ = {isa = PBXBuildFile; fileRef = DEBD93BC215FA55400671ABB /* UIColor+Init.swift */; };
		DEBF32562173B638003E540C /* ThemesViewController-swift.swift in Sources */ = {isa = PBXBuildFile; fileRef = B91BA09A21736900002A90EF /* ThemesViewController-swift.swift */; };
		DEC8C674217DE3470061C46E /* UserInfoProvider.swift in Sources */ = {isa = PBXBuildFile; fileRef = DEC8C673217DE3470061C46E /* UserInfoProvider.swift */; };
		DEC8C679217DE6D90061C46E /* UserInfoDataManager.swift in Sources */ = {isa = PBXBuildFile; fileRef = DEC8C678217DE6D90061C46E /* UserInfoDataManager.swift */; };
		DEC8C67B217DF5560061C46E /* Finder.swift in Sources */ = {isa = PBXBuildFile; fileRef = DEC8C67A217DF5560061C46E /* Finder.swift */; };
		DEE948362184F2F800071D3B /* MultipeerCommunicator.swift in Sources */ = {isa = PBXBuildFile; fileRef = DEE948352184F2F800071D3B /* MultipeerCommunicator.swift */; };
		DEF97D3B217E25C300EE3A46 /* NonThrowingAsyncOperation.swift in Sources */ = {isa = PBXBuildFile; fileRef = DEF97D3A217E25C300EE3A46 /* NonThrowingAsyncOperation.swift */; };
		DEF97D3D217E25CF00EE3A46 /* ThrowingAsyncOperationWithCompletion.swift in Sources */ = {isa = PBXBuildFile; fileRef = DEF97D3C217E25CF00EE3A46 /* ThrowingAsyncOperationWithCompletion.swift */; };
		DEF97D40217E260100EE3A46 /* ThrowingLoadingAsyncOperation.swift in Sources */ = {isa = PBXBuildFile; fileRef = DEF97D3F217E260100EE3A46 /* ThrowingLoadingAsyncOperation.swift */; };
/* End PBXBuildFile section */

/* Begin PBXFileReference section */
		B91BA098217361F2002A90EF /* AppThemeManager.swift */ = {isa = PBXFileReference; lastKnownFileType = sourcecode.swift; path = AppThemeManager.swift; sourceTree = "<group>"; };
		B91BA09A21736900002A90EF /* ThemesViewController-swift.swift */ = {isa = PBXFileReference; lastKnownFileType = sourcecode.swift; path = "ThemesViewController-swift.swift"; sourceTree = "<group>"; };
		B93EBC5E21734A3900A86229 /* ThemeProvider.swift */ = {isa = PBXFileReference; lastKnownFileType = sourcecode.swift; path = ThemeProvider.swift; sourceTree = "<group>"; };
		B93EBC6021734C1B00A86229 /* Themes.h */ = {isa = PBXFileReference; lastKnownFileType = sourcecode.c.h; path = Themes.h; sourceTree = "<group>"; };
		B93EBC6121734C1B00A86229 /* Themes.m */ = {isa = PBXFileReference; lastKnownFileType = sourcecode.c.objc; path = Themes.m; sourceTree = "<group>"; };
		B950153C2173402200FDE8F3 /* ThemesViewControllerDelegate.h */ = {isa = PBXFileReference; lastKnownFileType = sourcecode.c.h; path = ThemesViewControllerDelegate.h; sourceTree = "<group>"; };
		DE0AFE0D217CE7720061987D /* UserInfoModel.swift */ = {isa = PBXFileReference; lastKnownFileType = sourcecode.swift; path = UserInfoModel.swift; sourceTree = "<group>"; };
		DE14648A216108ED00344D4D /* Constants.swift */ = {isa = PBXFileReference; lastKnownFileType = sourcecode.swift; path = Constants.swift; sourceTree = "<group>"; };
		DE3B876C2157ADE300D9DA8D /* TFS-chat.app */ = {isa = PBXFileReference; explicitFileType = wrapper.application; includeInIndex = 0; path = "TFS-chat.app"; sourceTree = BUILT_PRODUCTS_DIR; };
		DE3B876F2157ADE300D9DA8D /* AppDelegate.swift */ = {isa = PBXFileReference; lastKnownFileType = sourcecode.swift; path = AppDelegate.swift; sourceTree = "<group>"; };
		DE3B87712157ADE300D9DA8D /* ProfileController.swift */ = {isa = PBXFileReference; lastKnownFileType = sourcecode.swift; path = ProfileController.swift; sourceTree = "<group>"; };
		DE3B87742157ADE300D9DA8D /* Base */ = {isa = PBXFileReference; lastKnownFileType = file.storyboard; name = Base; path = Base.lproj/Main.storyboard; sourceTree = "<group>"; };
		DE3B87762157ADE400D9DA8D /* Assets.xcassets */ = {isa = PBXFileReference; lastKnownFileType = folder.assetcatalog; path = Assets.xcassets; sourceTree = "<group>"; };
		DE3B87792157ADE400D9DA8D /* Base */ = {isa = PBXFileReference; lastKnownFileType = file.storyboard; name = Base; path = Base.lproj/LaunchScreen.storyboard; sourceTree = "<group>"; };
		DE3B877B2157ADE400D9DA8D /* Info.plist */ = {isa = PBXFileReference; lastKnownFileType = text.plist.xml; path = Info.plist; sourceTree = "<group>"; };
		DE5D33FD2173314B00B1DC43 /* TFS-chat-Bridging-Header.h */ = {isa = PBXFileReference; lastKnownFileType = sourcecode.c.h; path = "TFS-chat-Bridging-Header.h"; sourceTree = "<group>"; };
		DE5D33FE2173314C00B1DC43 /* ThemesViewController.h */ = {isa = PBXFileReference; lastKnownFileType = sourcecode.c.h; path = ThemesViewController.h; sourceTree = "<group>"; };
		DE5D33FF2173314C00B1DC43 /* ThemesViewController.m */ = {isa = PBXFileReference; lastKnownFileType = sourcecode.c.objc; path = ThemesViewController.m; sourceTree = "<group>"; };
		DE6D3CCE217DDFBF006AC274 /* AsyncWorker.swift */ = {isa = PBXFileReference; lastKnownFileType = sourcecode.swift; path = AsyncWorker.swift; sourceTree = "<group>"; };
		DE6D3CD1217DE158006AC274 /* GCDWorker.swift */ = {isa = PBXFileReference; lastKnownFileType = sourcecode.swift; path = GCDWorker.swift; sourceTree = "<group>"; };
		DE6D3CD4217DE193006AC274 /* ProfileControllerViewModelOutput.swift */ = {isa = PBXFileReference; lastKnownFileType = sourcecode.swift; path = ProfileControllerViewModelOutput.swift; sourceTree = "<group>"; };
		DE6D3CD6217DE19D006AC274 /* ProfileControllerViewModel.swift */ = {isa = PBXFileReference; lastKnownFileType = sourcecode.swift; path = ProfileControllerViewModel.swift; sourceTree = "<group>"; };
		DE6D3CD8217DE1AB006AC274 /* ProfileControllerViewModelImp.swift */ = {isa = PBXFileReference; lastKnownFileType = sourcecode.swift; path = ProfileControllerViewModelImp.swift; sourceTree = "<group>"; };
		DE9A60C6217E1802000D0BFE /* UIImage+Init.swift */ = {isa = PBXFileReference; lastKnownFileType = sourcecode.swift; path = "UIImage+Init.swift"; sourceTree = "<group>"; };
		DE9A60C8217E1A0A000D0BFE /* OperationWorker.swift */ = {isa = PBXFileReference; lastKnownFileType = sourcecode.swift; path = OperationWorker.swift; sourceTree = "<group>"; };
		DE9A60CB217E1C7D000D0BFE /* AsyncOperation.swift */ = {isa = PBXFileReference; lastKnownFileType = sourcecode.swift; path = AsyncOperation.swift; sourceTree = "<group>"; };
		DE9F43B8216A019500B224D4 /* ConversationsListViewController.swift */ = {isa = PBXFileReference; lastKnownFileType = sourcecode.swift; path = ConversationsListViewController.swift; sourceTree = "<group>"; };
		DEBD65F8216A6A7D00019ACD /* ConversationModel.swift */ = {isa = PBXFileReference; lastKnownFileType = sourcecode.swift; path = ConversationModel.swift; sourceTree = "<group>"; };
		DEBD65FA216A6A8D00019ACD /* ConversationCell.swift */ = {isa = PBXFileReference; lastKnownFileType = sourcecode.swift; path = ConversationCell.swift; sourceTree = "<group>"; };
		DEBD65FC216A6A9F00019ACD /* ConversationCellViewModel.swift */ = {isa = PBXFileReference; lastKnownFileType = sourcecode.swift; path = ConversationCellViewModel.swift; sourceTree = "<group>"; };
		DEBD65FE216A6AA500019ACD /* ConversationCellViewModelImp.swift */ = {isa = PBXFileReference; lastKnownFileType = sourcecode.swift; path = ConversationCellViewModelImp.swift; sourceTree = "<group>"; };
		DEBD6601216A737300019ACD /* ConversationListProvider.swift */ = {isa = PBXFileReference; lastKnownFileType = sourcecode.swift; path = ConversationListProvider.swift; sourceTree = "<group>"; };
		DEBD6605216A77D300019ACD /* ConversationViewController.swift */ = {isa = PBXFileReference; lastKnownFileType = sourcecode.swift; path = ConversationViewController.swift; sourceTree = "<group>"; };
		DEBD6608216A7B6400019ACD /* MessageCell.swift */ = {isa = PBXFileReference; lastKnownFileType = sourcecode.swift; path = MessageCell.swift; sourceTree = "<group>"; };
		DEBD660A216A83DE00019ACD /* DialogMessageProvider.swift */ = {isa = PBXFileReference; lastKnownFileType = sourcecode.swift; path = DialogMessageProvider.swift; sourceTree = "<group>"; };
		DEBD93BC215FA55400671ABB /* UIColor+Init.swift */ = {isa = PBXFileReference; fileEncoding = 4; lastKnownFileType = sourcecode.swift; path = "UIColor+Init.swift"; sourceTree = "<group>"; };
		DEC8C673217DE3470061C46E /* UserInfoProvider.swift */ = {isa = PBXFileReference; lastKnownFileType = sourcecode.swift; path = UserInfoProvider.swift; sourceTree = "<group>"; };
		DEC8C678217DE6D90061C46E /* UserInfoDataManager.swift */ = {isa = PBXFileReference; lastKnownFileType = sourcecode.swift; path = UserInfoDataManager.swift; sourceTree = "<group>"; };
		DEC8C67A217DF5560061C46E /* Finder.swift */ = {isa = PBXFileReference; lastKnownFileType = sourcecode.swift; path = Finder.swift; sourceTree = "<group>"; };
		DEE948352184F2F800071D3B /* MultipeerCommunicator.swift */ = {isa = PBXFileReference; lastKnownFileType = sourcecode.swift; path = MultipeerCommunicator.swift; sourceTree = "<group>"; };
		DEF97D3A217E25C300EE3A46 /* NonThrowingAsyncOperation.swift */ = {isa = PBXFileReference; lastKnownFileType = sourcecode.swift; path = NonThrowingAsyncOperation.swift; sourceTree = "<group>"; };
		DEF97D3C217E25CF00EE3A46 /* ThrowingAsyncOperationWithCompletion.swift */ = {isa = PBXFileReference; lastKnownFileType = sourcecode.swift; path = ThrowingAsyncOperationWithCompletion.swift; sourceTree = "<group>"; };
		DEF97D3F217E260100EE3A46 /* ThrowingLoadingAsyncOperation.swift */ = {isa = PBXFileReference; lastKnownFileType = sourcecode.swift; path = ThrowingLoadingAsyncOperation.swift; sourceTree = "<group>"; };
/* End PBXFileReference section */

/* Begin PBXFrameworksBuildPhase section */
		DE3B87692157ADE300D9DA8D /* Frameworks */ = {
			isa = PBXFrameworksBuildPhase;
			buildActionMask = 2147483647;
			files = (
			);
			runOnlyForDeploymentPostprocessing = 0;
		};
/* End PBXFrameworksBuildPhase section */

/* Begin PBXGroup section */
		DE3B87632157ADE300D9DA8D = {
			isa = PBXGroup;
			children = (
				DE3B876E2157ADE300D9DA8D /* TFS-chat */,
				DE3B876D2157ADE300D9DA8D /* Products */,
			);
			sourceTree = "<group>";
		};
		DE3B876D2157ADE300D9DA8D /* Products */ = {
			isa = PBXGroup;
			children = (
				DE3B876C2157ADE300D9DA8D /* TFS-chat.app */,
			);
			name = Products;
			sourceTree = "<group>";
		};
		DE3B876E2157ADE300D9DA8D /* TFS-chat */ = {
			isa = PBXGroup;
			children = (
				DEC8C671217DE2DF0061C46E /* Core */,
				DEBD6600216A6B9300019ACD /* Service */,
				DEBD65F7216A6A7500019ACD /* Model */,
				DE9F43B62169FEB100B224D4 /* Module */,
				DE8F4C932157B87200B14E76 /* common */,
				DE8F4C902157B83800B14E76 /* Extension */,
				DE3B876F2157ADE300D9DA8D /* AppDelegate.swift */,
				DE3B87732157ADE300D9DA8D /* Main.storyboard */,
				DE3B87762157ADE400D9DA8D /* Assets.xcassets */,
				DE3B87782157ADE400D9DA8D /* LaunchScreen.storyboard */,
				DE3B877B2157ADE400D9DA8D /* Info.plist */,
			);
			path = "TFS-chat";
			sourceTree = "<group>";
		};
		DE5D33FC2173313800B1DC43 /* Themes */ = {
			isa = PBXGroup;
			children = (
				DE5D33FE2173314C00B1DC43 /* ThemesViewController.h */,
				DE5D33FF2173314C00B1DC43 /* ThemesViewController.m */,
				B950153C2173402200FDE8F3 /* ThemesViewControllerDelegate.h */,
				B91BA09A21736900002A90EF /* ThemesViewController-swift.swift */,
			);
			path = Themes;
			sourceTree = "<group>";
		};
		DE6D3CD0217DE145006AC274 /* AsyncWorker */ = {
			isa = PBXGroup;
			children = (
				DE6D3CCE217DDFBF006AC274 /* AsyncWorker.swift */,
				DEF97D39217E23EC00EE3A46 /* GCD */,
				DE9A60CA217E1C73000D0BFE /* Operation */,
			);
			path = AsyncWorker;
			sourceTree = "<group>";
		};
		DE6D3CD3217DE18B006AC274 /* ViewModel */ = {
			isa = PBXGroup;
			children = (
				DE6D3CD6217DE19D006AC274 /* ProfileControllerViewModel.swift */,
				DE6D3CD8217DE1AB006AC274 /* ProfileControllerViewModelImp.swift */,
				DE6D3CD4217DE193006AC274 /* ProfileControllerViewModelOutput.swift */,
			);
			path = ViewModel;
			sourceTree = "<group>";
		};
		DE8F4C902157B83800B14E76 /* Extension */ = {
			isa = PBXGroup;
			children = (
				DEBD93BC215FA55400671ABB /* UIColor+Init.swift */,
				DE9A60C6217E1802000D0BFE /* UIImage+Init.swift */,
			);
			path = Extension;
			sourceTree = "<group>";
		};
		DE8F4C932157B87200B14E76 /* common */ = {
			isa = PBXGroup;
			children = (
				DE5D33FD2173314B00B1DC43 /* TFS-chat-Bridging-Header.h */,
				DE14648A216108ED00344D4D /* Constants.swift */,
			);
			path = common;
			sourceTree = "<group>";
		};
		DE9A60CA217E1C73000D0BFE /* Operation */ = {
			isa = PBXGroup;
			children = (
				DEF97D3E217E25E100EE3A46 /* imp */,
				DE9A60C8217E1A0A000D0BFE /* OperationWorker.swift */,
				DE9A60CB217E1C7D000D0BFE /* AsyncOperation.swift */,
			);
			path = Operation;
			sourceTree = "<group>";
		};
		DE9F43B62169FEB100B224D4 /* Module */ = {
			isa = PBXGroup;
			children = (
				DE5D33FC2173313800B1DC43 /* Themes */,
				DEBD6604216A77CE00019ACD /* Dialog */,
				DEBD6603216A755300019ACD /* Profile */,
				DE9F43B72169FEBB00B224D4 /* Chat */,
			);
			path = Module;
			sourceTree = "<group>";
		};
		DE9F43B72169FEBB00B224D4 /* Chat */ = {
			isa = PBXGroup;
			children = (
				DEBD65F6216A6A7200019ACD /* Cell */,
				DE9F43B8216A019500B224D4 /* ConversationsListViewController.swift */,
			);
			path = Chat;
			sourceTree = "<group>";
		};
		DEBD65F6216A6A7200019ACD /* Cell */ = {
			isa = PBXGroup;
			children = (
				DEBD65FA216A6A8D00019ACD /* ConversationCell.swift */,
				DEBD65FC216A6A9F00019ACD /* ConversationCellViewModel.swift */,
				DEBD65FE216A6AA500019ACD /* ConversationCellViewModelImp.swift */,
			);
			path = Cell;
			sourceTree = "<group>";
		};
		DEBD65F7216A6A7500019ACD /* Model */ = {
			isa = PBXGroup;
			children = (
				DEC8C677217DE39E0061C46E /* Profile */,
				DEC8C676217DE3990061C46E /* Chat */,
				DEC8C675217DE3910061C46E /* Theme */,
			);
			path = Model;
			sourceTree = "<group>";
		};
		DEBD6600216A6B9300019ACD /* Service */ = {
			isa = PBXGroup;
			children = (
				DEC8C672217DE2EA0061C46E /* Profile */,
				DEC8C670217DE2D50061C46E /* Theme */,
				DEC8C66F217DE2CB0061C46E /* Chat */,
			);
			path = Service;
			sourceTree = "<group>";
		};
		DEBD6603216A755300019ACD /* Profile */ = {
			isa = PBXGroup;
			children = (
				DE6D3CD3217DE18B006AC274 /* ViewModel */,
				DE3B87712157ADE300D9DA8D /* ProfileController.swift */,
			);
			path = Profile;
			sourceTree = "<group>";
		};
		DEBD6604216A77CE00019ACD /* Dialog */ = {
			isa = PBXGroup;
			children = (
				DEBD6607216A7B5E00019ACD /* Cell */,
				DEBD6605216A77D300019ACD /* ConversationViewController.swift */,
			);
			path = Dialog;
			sourceTree = "<group>";
		};
		DEBD6607216A7B5E00019ACD /* Cell */ = {
			isa = PBXGroup;
			children = (
				DEBD6608216A7B6400019ACD /* MessageCell.swift */,
			);
			path = Cell;
			sourceTree = "<group>";
		};
		DEC8C66F217DE2CB0061C46E /* Chat */ = {
			isa = PBXGroup;
			children = (
				DEE948342184F2E400071D3B /* MPC */,
				DEBD6601216A737300019ACD /* ConversationListProvider.swift */,
				DEBD660A216A83DE00019ACD /* DialogMessageProvider.swift */,
			);
			path = Chat;
			sourceTree = "<group>";
		};
		DEC8C670217DE2D50061C46E /* Theme */ = {
			isa = PBXGroup;
			children = (
				B93EBC5E21734A3900A86229 /* ThemeProvider.swift */,
				B91BA098217361F2002A90EF /* AppThemeManager.swift */,
			);
			path = Theme;
			sourceTree = "<group>";
		};
		DEC8C671217DE2DF0061C46E /* Core */ = {
			isa = PBXGroup;
			children = (
				DE6D3CD0217DE145006AC274 /* AsyncWorker */,
				DEC8C67A217DF5560061C46E /* Finder.swift */,
			);
			path = Core;
			sourceTree = "<group>";
		};
		DEC8C672217DE2EA0061C46E /* Profile */ = {
			isa = PBXGroup;
			children = (
				DEC8C673217DE3470061C46E /* UserInfoProvider.swift */,
				DEC8C678217DE6D90061C46E /* UserInfoDataManager.swift */,
			);
			path = Profile;
			sourceTree = "<group>";
		};
		DEC8C675217DE3910061C46E /* Theme */ = {
			isa = PBXGroup;
			children = (
				B93EBC6021734C1B00A86229 /* Themes.h */,
				B93EBC6121734C1B00A86229 /* Themes.m */,
			);
			path = Theme;
			sourceTree = "<group>";
		};
		DEC8C676217DE3990061C46E /* Chat */ = {
			isa = PBXGroup;
			children = (
				DEBD65F8216A6A7D00019ACD /* ConversationModel.swift */,
			);
			path = Chat;
			sourceTree = "<group>";
		};
		DEC8C677217DE39E0061C46E /* Profile */ = {
			isa = PBXGroup;
			children = (
				DE0AFE0D217CE7720061987D /* UserInfoModel.swift */,
			);
			path = Profile;
			sourceTree = "<group>";
		};
		DEE948342184F2E400071D3B /* MPC */ = {
			isa = PBXGroup;
			children = (
				DEE948352184F2F800071D3B /* MultipeerCommunicator.swift */,
			);
			path = MPC;
			sourceTree = "<group>";
		};
		DEF97D39217E23EC00EE3A46 /* GCD */ = {
			isa = PBXGroup;
			children = (
				DE6D3CD1217DE158006AC274 /* GCDWorker.swift */,
			);
			path = GCD;
			sourceTree = "<group>";
		};
		DEF97D3E217E25E100EE3A46 /* imp */ = {
			isa = PBXGroup;
			children = (
				DEF97D3C217E25CF00EE3A46 /* ThrowingAsyncOperationWithCompletion.swift */,
				DEF97D3A217E25C300EE3A46 /* NonThrowingAsyncOperation.swift */,
				DEF97D3F217E260100EE3A46 /* ThrowingLoadingAsyncOperation.swift */,
			);
			path = imp;
			sourceTree = "<group>";
		};
/* End PBXGroup section */

/* Begin PBXNativeTarget section */
		DE3B876B2157ADE300D9DA8D /* TFS-chat */ = {
			isa = PBXNativeTarget;
			buildConfigurationList = DE3B877E2157ADE400D9DA8D /* Build configuration list for PBXNativeTarget "TFS-chat" */;
			buildPhases = (
				DE3B87682157ADE300D9DA8D /* Sources */,
				DE3B87692157ADE300D9DA8D /* Frameworks */,
				DE3B876A2157ADE300D9DA8D /* Resources */,
			);
			buildRules = (
			);
			dependencies = (
			);
			name = "TFS-chat";
			productName = "TFS-chat";
			productReference = DE3B876C2157ADE300D9DA8D /* TFS-chat.app */;
			productType = "com.apple.product-type.application";
		};
/* End PBXNativeTarget section */

/* Begin PBXProject section */
		DE3B87642157ADE300D9DA8D /* Project object */ = {
			isa = PBXProject;
			attributes = {
				LastSwiftUpdateCheck = 1000;
				LastUpgradeCheck = 1000;
				ORGANIZATIONNAME = Evgeniy;
				TargetAttributes = {
					DE3B876B2157ADE300D9DA8D = {
						CreatedOnToolsVersion = 10.0;
						LastSwiftMigration = 1000;
					};
				};
			};
			buildConfigurationList = DE3B87672157ADE300D9DA8D /* Build configuration list for PBXProject "TFS-chat" */;
			compatibilityVersion = "Xcode 9.3";
			developmentRegion = en;
			hasScannedForEncodings = 0;
			knownRegions = (
				en,
				Base,
			);
			mainGroup = DE3B87632157ADE300D9DA8D;
			productRefGroup = DE3B876D2157ADE300D9DA8D /* Products */;
			projectDirPath = "";
			projectRoot = "";
			targets = (
				DE3B876B2157ADE300D9DA8D /* TFS-chat */,
			);
		};
/* End PBXProject section */

/* Begin PBXResourcesBuildPhase section */
		DE3B876A2157ADE300D9DA8D /* Resources */ = {
			isa = PBXResourcesBuildPhase;
			buildActionMask = 2147483647;
			files = (
				DE3B877A2157ADE400D9DA8D /* LaunchScreen.storyboard in Resources */,
				DE3B87772157ADE400D9DA8D /* Assets.xcassets in Resources */,
				DE3B87752157ADE300D9DA8D /* Main.storyboard in Resources */,
			);
			runOnlyForDeploymentPostprocessing = 0;
		};
/* End PBXResourcesBuildPhase section */

/* Begin PBXSourcesBuildPhase section */
		DE3B87682157ADE300D9DA8D /* Sources */ = {
			isa = PBXSourcesBuildPhase;
			buildActionMask = 2147483647;
			files = (
				DEBF32562173B638003E540C /* ThemesViewController-swift.swift in Sources */,
				B91BA099217361F2002A90EF /* AppThemeManager.swift in Sources */,
				DEC8C674217DE3470061C46E /* UserInfoProvider.swift in Sources */,
				DEBD660B216A83DE00019ACD /* DialogMessageProvider.swift in Sources */,
				DEBD93BD215FA55400671ABB /* UIColor+Init.swift in Sources */,
				DE6D3CD9217DE1AB006AC274 /* ProfileControllerViewModelImp.swift in Sources */,
				DEC8C679217DE6D90061C46E /* UserInfoDataManager.swift in Sources */,
				DEC8C67B217DF5560061C46E /* Finder.swift in Sources */,
				DEBD65FD216A6A9F00019ACD /* ConversationCellViewModel.swift in Sources */,
				B93EBC5F21734A3900A86229 /* ThemeProvider.swift in Sources */,
				DE9F43B9216A019500B224D4 /* ConversationsListViewController.swift in Sources */,
				DE3B87722157ADE300D9DA8D /* ProfileController.swift in Sources */,
				DE6D3CD7217DE19D006AC274 /* ProfileControllerViewModel.swift in Sources */,
				DE3B87702157ADE300D9DA8D /* AppDelegate.swift in Sources */,
				DEE948362184F2F800071D3B /* MultipeerCommunicator.swift in Sources */,
				DEBD65F9216A6A7D00019ACD /* ConversationModel.swift in Sources */,
				B93EBC6221734C1B00A86229 /* Themes.m in Sources */,
				DEBD65FF216A6AA500019ACD /* ConversationCellViewModelImp.swift in Sources */,
				DEBD6609216A7B6400019ACD /* MessageCell.swift in Sources */,
				DE6D3CD2217DE158006AC274 /* GCDWorker.swift in Sources */,
				DE14648B216108ED00344D4D /* Constants.swift in Sources */,
				DEF97D3B217E25C300EE3A46 /* NonThrowingAsyncOperation.swift in Sources */,
				DE6D3CCF217DDFBF006AC274 /* AsyncWorker.swift in Sources */,
				DE9A60C7217E1802000D0BFE /* UIImage+Init.swift in Sources */,
				DEBD65FB216A6A8D00019ACD /* ConversationCell.swift in Sources */,
				DE6D3CD5217DE193006AC274 /* ProfileControllerViewModelOutput.swift in Sources */,
				DEBD6606216A77D300019ACD /* ConversationViewController.swift in Sources */,
				DE0AFE0E217CE7720061987D /* UserInfoModel.swift in Sources */,
				B913601E21736DBD00B31BB8 /* ThemesViewController.m in Sources */,
				DEF97D3D217E25CF00EE3A46 /* ThrowingAsyncOperationWithCompletion.swift in Sources */,
				DEBD6602216A737300019ACD /* ConversationListProvider.swift in Sources */,
				DE9A60CC217E1C7D000D0BFE /* AsyncOperation.swift in Sources */,
				DEF97D40217E260100EE3A46 /* ThrowingLoadingAsyncOperation.swift in Sources */,
				DE9A60C9217E1A0A000D0BFE /* OperationWorker.swift in Sources */,
			);
			runOnlyForDeploymentPostprocessing = 0;
		};
/* End PBXSourcesBuildPhase section */

/* Begin PBXVariantGroup section */
		DE3B87732157ADE300D9DA8D /* Main.storyboard */ = {
			isa = PBXVariantGroup;
			children = (
				DE3B87742157ADE300D9DA8D /* Base */,
			);
			name = Main.storyboard;
			sourceTree = "<group>";
		};
		DE3B87782157ADE400D9DA8D /* LaunchScreen.storyboard */ = {
			isa = PBXVariantGroup;
			children = (
				DE3B87792157ADE400D9DA8D /* Base */,
			);
			name = LaunchScreen.storyboard;
			sourceTree = "<group>";
		};
/* End PBXVariantGroup section */

/* Begin XCBuildConfiguration section */
		DE3B877C2157ADE400D9DA8D /* Debug */ = {
			isa = XCBuildConfiguration;
			buildSettings = {
				ALWAYS_SEARCH_USER_PATHS = NO;
				CLANG_ANALYZER_NONNULL = YES;
				CLANG_ANALYZER_NUMBER_OBJECT_CONVERSION = YES_AGGRESSIVE;
				CLANG_CXX_LANGUAGE_STANDARD = "gnu++14";
				CLANG_CXX_LIBRARY = "libc++";
				CLANG_ENABLE_MODULES = YES;
				CLANG_ENABLE_OBJC_ARC = YES;
				CLANG_ENABLE_OBJC_WEAK = YES;
				CLANG_WARN_BLOCK_CAPTURE_AUTORELEASING = YES;
				CLANG_WARN_BOOL_CONVERSION = YES;
				CLANG_WARN_COMMA = YES;
				CLANG_WARN_CONSTANT_CONVERSION = YES;
				CLANG_WARN_DEPRECATED_OBJC_IMPLEMENTATIONS = YES;
				CLANG_WARN_DIRECT_OBJC_ISA_USAGE = YES_ERROR;
				CLANG_WARN_DOCUMENTATION_COMMENTS = YES;
				CLANG_WARN_EMPTY_BODY = YES;
				CLANG_WARN_ENUM_CONVERSION = YES;
				CLANG_WARN_INFINITE_RECURSION = YES;
				CLANG_WARN_INT_CONVERSION = YES;
				CLANG_WARN_NON_LITERAL_NULL_CONVERSION = YES;
				CLANG_WARN_OBJC_IMPLICIT_RETAIN_SELF = YES;
				CLANG_WARN_OBJC_LITERAL_CONVERSION = YES;
				CLANG_WARN_OBJC_ROOT_CLASS = YES_ERROR;
				CLANG_WARN_RANGE_LOOP_ANALYSIS = YES;
				CLANG_WARN_STRICT_PROTOTYPES = YES;
				CLANG_WARN_SUSPICIOUS_MOVE = YES;
				CLANG_WARN_UNGUARDED_AVAILABILITY = YES_AGGRESSIVE;
				CLANG_WARN_UNREACHABLE_CODE = YES;
				CLANG_WARN__DUPLICATE_METHOD_MATCH = YES;
				CODE_SIGN_IDENTITY = "iPhone Developer";
				COPY_PHASE_STRIP = NO;
				DEBUG_INFORMATION_FORMAT = dwarf;
				ENABLE_STRICT_OBJC_MSGSEND = YES;
				ENABLE_TESTABILITY = YES;
				GCC_C_LANGUAGE_STANDARD = gnu11;
				GCC_DYNAMIC_NO_PIC = NO;
				GCC_NO_COMMON_BLOCKS = YES;
				GCC_OPTIMIZATION_LEVEL = 0;
				GCC_PREPROCESSOR_DEFINITIONS = (
					"DEBUG=1",
					"$(inherited)",
				);
				GCC_WARN_64_TO_32_BIT_CONVERSION = YES;
				GCC_WARN_ABOUT_RETURN_TYPE = YES_ERROR;
				GCC_WARN_UNDECLARED_SELECTOR = YES;
				GCC_WARN_UNINITIALIZED_AUTOS = YES_AGGRESSIVE;
				GCC_WARN_UNUSED_FUNCTION = YES;
				GCC_WARN_UNUSED_VARIABLE = YES;
				IPHONEOS_DEPLOYMENT_TARGET = 12.0;
				MTL_ENABLE_DEBUG_INFO = INCLUDE_SOURCE;
				MTL_FAST_MATH = YES;
				ONLY_ACTIVE_ARCH = YES;
				SDKROOT = iphoneos;
				SWIFT_ACTIVE_COMPILATION_CONDITIONS = DEBUG;
				SWIFT_OPTIMIZATION_LEVEL = "-Onone";
			};
			name = Debug;
		};
		DE3B877D2157ADE400D9DA8D /* Release */ = {
			isa = XCBuildConfiguration;
			buildSettings = {
				ALWAYS_SEARCH_USER_PATHS = NO;
				CLANG_ANALYZER_NONNULL = YES;
				CLANG_ANALYZER_NUMBER_OBJECT_CONVERSION = YES_AGGRESSIVE;
				CLANG_CXX_LANGUAGE_STANDARD = "gnu++14";
				CLANG_CXX_LIBRARY = "libc++";
				CLANG_ENABLE_MODULES = YES;
				CLANG_ENABLE_OBJC_ARC = YES;
				CLANG_ENABLE_OBJC_WEAK = YES;
				CLANG_WARN_BLOCK_CAPTURE_AUTORELEASING = YES;
				CLANG_WARN_BOOL_CONVERSION = YES;
				CLANG_WARN_COMMA = YES;
				CLANG_WARN_CONSTANT_CONVERSION = YES;
				CLANG_WARN_DEPRECATED_OBJC_IMPLEMENTATIONS = YES;
				CLANG_WARN_DIRECT_OBJC_ISA_USAGE = YES_ERROR;
				CLANG_WARN_DOCUMENTATION_COMMENTS = YES;
				CLANG_WARN_EMPTY_BODY = YES;
				CLANG_WARN_ENUM_CONVERSION = YES;
				CLANG_WARN_INFINITE_RECURSION = YES;
				CLANG_WARN_INT_CONVERSION = YES;
				CLANG_WARN_NON_LITERAL_NULL_CONVERSION = YES;
				CLANG_WARN_OBJC_IMPLICIT_RETAIN_SELF = YES;
				CLANG_WARN_OBJC_LITERAL_CONVERSION = YES;
				CLANG_WARN_OBJC_ROOT_CLASS = YES_ERROR;
				CLANG_WARN_RANGE_LOOP_ANALYSIS = YES;
				CLANG_WARN_STRICT_PROTOTYPES = YES;
				CLANG_WARN_SUSPICIOUS_MOVE = YES;
				CLANG_WARN_UNGUARDED_AVAILABILITY = YES_AGGRESSIVE;
				CLANG_WARN_UNREACHABLE_CODE = YES;
				CLANG_WARN__DUPLICATE_METHOD_MATCH = YES;
				CODE_SIGN_IDENTITY = "iPhone Developer";
				COPY_PHASE_STRIP = NO;
				DEBUG_INFORMATION_FORMAT = "dwarf-with-dsym";
				ENABLE_NS_ASSERTIONS = NO;
				ENABLE_STRICT_OBJC_MSGSEND = YES;
				GCC_C_LANGUAGE_STANDARD = gnu11;
				GCC_NO_COMMON_BLOCKS = YES;
				GCC_WARN_64_TO_32_BIT_CONVERSION = YES;
				GCC_WARN_ABOUT_RETURN_TYPE = YES_ERROR;
				GCC_WARN_UNDECLARED_SELECTOR = YES;
				GCC_WARN_UNINITIALIZED_AUTOS = YES_AGGRESSIVE;
				GCC_WARN_UNUSED_FUNCTION = YES;
				GCC_WARN_UNUSED_VARIABLE = YES;
				IPHONEOS_DEPLOYMENT_TARGET = 12.0;
				MTL_ENABLE_DEBUG_INFO = NO;
				MTL_FAST_MATH = YES;
				SDKROOT = iphoneos;
				SWIFT_COMPILATION_MODE = wholemodule;
				SWIFT_OPTIMIZATION_LEVEL = "-O";
				VALIDATE_PRODUCT = YES;
			};
			name = Release;
		};
		DE3B877F2157ADE400D9DA8D /* Debug */ = {
			isa = XCBuildConfiguration;
			buildSettings = {
				ASSETCATALOG_COMPILER_APPICON_NAME = AppIcon;
				CLANG_ENABLE_MODULES = YES;
				CLANG_ENABLE_OBJC_ARC = NO;
				CODE_SIGN_STYLE = Automatic;
				DEVELOPMENT_TEAM = VD97XKT54M;
				GCC_PREPROCESSOR_DEFINITIONS = (
					"DEBUG=1",
					"$(inherited)",
					"LOGS_ENABLED=1",
				);
				INFOPLIST_FILE = "TFS-chat/Info.plist";
				IPHONEOS_DEPLOYMENT_TARGET = 11.0;
				LD_RUNPATH_SEARCH_PATHS = (
					"$(inherited)",
					"@executable_path/Frameworks",
				);
				PRODUCT_BUNDLE_IDENTIFIER = "own2pwn.pp.TFS-chat";
				PRODUCT_NAME = "$(TARGET_NAME)";
				SWIFT_ACTIVE_COMPILATION_CONDITIONS = "DEBUG LOGS_ENABLED";
				SWIFT_OBJC_BRIDGING_HEADER = "TFS-chat/common/TFS-chat-Bridging-Header.h";
				SWIFT_OPTIMIZATION_LEVEL = "-Onone";
				SWIFT_VERSION = 4.2;
				TARGETED_DEVICE_FAMILY = "1,2";
			};
			name = Debug;
		};
		DE3B87802157ADE400D9DA8D /* Release */ = {
			isa = XCBuildConfiguration;
			buildSettings = {
				ASSETCATALOG_COMPILER_APPICON_NAME = AppIcon;
				CLANG_ENABLE_MODULES = YES;
				CLANG_ENABLE_OBJC_ARC = NO;
				CODE_SIGN_STYLE = Automatic;
				DEVELOPMENT_TEAM = VD97XKT54M;
				INFOPLIST_FILE = "TFS-chat/Info.plist";
				IPHONEOS_DEPLOYMENT_TARGET = 11.0;
				LD_RUNPATH_SEARCH_PATHS = (
					"$(inherited)",
					"@executable_path/Frameworks",
				);
				PRODUCT_BUNDLE_IDENTIFIER = "own2pwn.pp.TFS-chat";
				PRODUCT_NAME = "$(TARGET_NAME)";
				SWIFT_OBJC_BRIDGING_HEADER = "TFS-chat/common/TFS-chat-Bridging-Header.h";
				SWIFT_VERSION = 4.2;
				TARGETED_DEVICE_FAMILY = "1,2";
			};
			name = Release;
		};
/* End XCBuildConfiguration section */

/* Begin XCConfigurationList section */
		DE3B87672157ADE300D9DA8D /* Build configuration list for PBXProject "TFS-chat" */ = {
			isa = XCConfigurationList;
			buildConfigurations = (
				DE3B877C2157ADE400D9DA8D /* Debug */,
				DE3B877D2157ADE400D9DA8D /* Release */,
			);
			defaultConfigurationIsVisible = 0;
			defaultConfigurationName = Release;
		};
		DE3B877E2157ADE400D9DA8D /* Build configuration list for PBXNativeTarget "TFS-chat" */ = {
			isa = XCConfigurationList;
			buildConfigurations = (
				DE3B877F2157ADE400D9DA8D /* Debug */,
				DE3B87802157ADE400D9DA8D /* Release */,
			);
			defaultConfigurationIsVisible = 0;
			defaultConfigurationName = Release;
		};
/* End XCConfigurationList section */
	};
	rootObject = DE3B87642157ADE300D9DA8D /* Project object */;
}
